{
  "requires": true,
  "lockfileVersion": 1,
  "dependencies": {
    "rateyo": {
      "version": "2.3.5",
      "resolved": "https://registry.npmjs.org/rateyo/-/rateyo-2.3.5.tgz",
      "integrity": "sha512-X0ewsUTzZiJwxJkca4RhRn6q53OkpuHoRdF9VFPluhP84N8NM2JnD/uBUT4QOtCj/5dNa0A+bEkJA7n/gWsYag=="
    }
  }
}
